<?xml version="1.0" encoding="utf-8"?>
<Project ToolsVersion="4.0" xmlns="http://schemas.microsoft.com/developer/msbuild/2003">
  <ItemGroup>
    <Filter Include="Source Files">
      <UniqueIdentifier>{4FC737F1-C7A5-4376-A066-2A32D752A2FF}</UniqueIdentifier>
      <Extensions>cpp;c;cc;cxx;c++;def;odl;idl;hpj;bat;asm;asmx</Extensions>
    </Filter>
    <Filter Include="Header Files">
      <UniqueIdentifier>{93995380-89BD-4b04-88EB-625FBE52EBFB}</UniqueIdentifier>
      <Extensions>h;hh;hpp;hxx;h++;hm;inl;inc;ipp;xsd</Extensions>
    </Filter>
    <Filter Include="Resource Files">
      <UniqueIdentifier>{67DA6AB6-F800-4c08-8B7A-83BB121AAD01}</UniqueIdentifier>
      <Extensions>rc;ico;cur;bmp;dlg;rc2;rct;bin;rgs;gif;jpg;jpeg;jpe;resx;tiff;tif;png;wav;mfcribbon-ms</Extensions>
    </Filter>
    <Filter Include="Header Files\iocp">
      <UniqueIdentifier>{768691a1-6327-40e5-9736-c30059e7ae66}</UniqueIdentifier>
    </Filter>
    <Filter Include="Header Files\tcpsocket">
      <UniqueIdentifier>{d50b82a3-31d8-4a1a-976e-28c4f0637466}</UniqueIdentifier>
    </Filter>
    <Filter Include="Header Files\socketaddress">
      <UniqueIdentifier>{f0918bd4-9077-447c-8b88-594f25222021}</UniqueIdentifier>
    </Filter>
    <Filter Include="Header Files\packetprocessor">
      <UniqueIdentifier>{71c273ef-5630-4aac-93e8-bb42dd073edc}</UniqueIdentifier>
    </Filter>
    <Filter Include="Header Files\packetdefine">
      <UniqueIdentifier>{ecdc3092-d30c-421a-a705-600a67e2d960}</UniqueIdentifier>
    </Filter>
    <Filter Include="Header Files\memorymanagement">
      <UniqueIdentifier>{e98988d8-3061-4be6-b210-0ad5d3c9be07}</UniqueIdentifier>
    </Filter>
    <Filter Include="Header Files\threadsync">
      <UniqueIdentifier>{b83d6023-098f-42ea-8067-3a4d32825b91}</UniqueIdentifier>
    </Filter>
    <Filter Include="Header Files\circularbuffer">
      <UniqueIdentifier>{fb6c9c7f-4b4d-439f-a767-85b1ea47d298}</UniqueIdentifier>
    </Filter>
  </ItemGroup>
  <ItemGroup>
    <ClCompile Include="main.cpp">
      <Filter>Source Files</Filter>
    </ClCompile>
    <ClCompile Include="TcpSocket.cpp">
      <Filter>Header Files\tcpsocket</Filter>
    </ClCompile>
    <ClCompile Include="SocketAddress.cpp">
      <Filter>Header Files\socketaddress</Filter>
    </ClCompile>
    <ClCompile Include="Iocp.cpp">
      <Filter>Header Files\iocp</Filter>
    </ClCompile>
    <ClCompile Include="circular_buffer.cpp">
      <Filter>Header Files\circularbuffer</Filter>
    </ClCompile>
  </ItemGroup>
  <ItemGroup>
    <ClInclude Include="TcpSocket.h">
      <Filter>Header Files\tcpsocket</Filter>
    </ClInclude>
    <ClInclude Include="utils.h">
      <Filter>Header Files</Filter>
    </ClInclude>
    <ClInclude Include="SocketAddress.h">
      <Filter>Header Files\socketaddress</Filter>
    </ClInclude>
    <ClInclude Include="overlapped.h">
      <Filter>Header Files</Filter>
    </ClInclude>
    <ClInclude Include="Iocp.h">
      <Filter>Header Files\iocp</Filter>
    </ClInclude>
    <ClInclude Include="packet.h">
      <Filter>Header Files\packetdefine</Filter>
    </ClInclude>
    <ClInclude Include="packet_serializer.h">
      <Filter>Header Files\packetdefine</Filter>
    </ClInclude>
    <ClInclude Include="memorypool.h">
      <Filter>Header Files\memorymanagement</Filter>
    </ClInclude>
    <ClInclude Include="threadsync.h">
      <Filter>Header Files\threadsync</Filter>
    </ClInclude>
    <ClInclude Include="critical_section.h">
      <Filter>Header Files\threadsync</Filter>
    </ClInclude>
    <ClInclude Include="circular_buffer.h">
      <Filter>Header Files\circularbuffer</Filter>
    </ClInclude>
  </ItemGroup>
</Project>