<?xml version="1.0" encoding="utf-8"?>
<Project ToolsVersion="4.0" xmlns="http://schemas.microsoft.com/developer/msbuild/2003">
  <ItemGroup>
    <Filter Include="Source Files">
      <UniqueIdentifier>{4FC737F1-C7A5-4376-A066-2A32D752A2FF}</UniqueIdentifier>
      <Extensions>cpp;c;cc;cxx;def;odl;idl;hpj;bat;asm;asmx</Extensions>
    </Filter>
    <Filter Include="Header Files">
      <UniqueIdentifier>{93995380-89BD-4b04-88EB-625FBE52EBFB}</UniqueIdentifier>
      <Extensions>h;hh;hpp;hxx;hm;inl;inc;ipp;xsd</Extensions>
    </Filter>
    <Filter Include="Resource Files">
      <UniqueIdentifier>{67DA6AB6-F800-4c08-8B7A-83BB121AAD01}</UniqueIdentifier>
      <Extensions>rc;ico;cur;bmp;dlg;rc2;rct;bin;rgs;gif;jpg;jpeg;jpe;resx;tiff;tif;png;wav;mfcribbon-ms</Extensions>
    </Filter>
    <Filter Include="Header Files\include">
      <UniqueIdentifier>{f0ae16dd-ca3b-4f25-92d8-722dff95fa6a}</UniqueIdentifier>
    </Filter>
    <Filter Include="Header Files\src">
      <UniqueIdentifier>{ba839017-6252-4a77-bb03-2e1814c75073}</UniqueIdentifier>
    </Filter>
    <Filter Include="Header Files\util">
      <UniqueIdentifier>{02bba992-75bf-4256-92ab-bbfec3ab5f49}</UniqueIdentifier>
    </Filter>
    <Filter Include="Source Files\include">
      <UniqueIdentifier>{bcd4d87f-dfbe-41cc-80ed-958ef0a70fc7}</UniqueIdentifier>
    </Filter>
    <Filter Include="Source Files\src">
      <UniqueIdentifier>{eab71b4b-8036-434c-962a-a51d36c2f028}</UniqueIdentifier>
    </Filter>
    <Filter Include="Header Files\util\include">
      <UniqueIdentifier>{6220da51-4c24-48cf-b6fb-eaabac0e2eea}</UniqueIdentifier>
    </Filter>
    <Filter Include="Header Files\util\src">
      <UniqueIdentifier>{6470d1c7-dbcd-447d-9647-4e2ed73d6052}</UniqueIdentifier>
    </Filter>
  </ItemGroup>
  <ItemGroup>
    <ClInclude Include="CriticalSection.h">
      <Filter>Header Files\util\include</Filter>
    </ClInclude>
    <ClInclude Include="MultiThreadSynchronize.hpp">
      <Filter>Header Files\util\include</Filter>
    </ClInclude>
    <ClInclude Include="CircularQueue.hpp">
      <Filter>Header Files\util\include</Filter>
    </ClInclude>
    <ClInclude Include="MemoryPool.hpp">
      <Filter>Header Files\util\include</Filter>
    </ClInclude>
    <ClInclude Include="Socket.h">
      <Filter>Header Files\include</Filter>
    </ClInclude>
    <ClInclude Include="SocketAddress.h">
      <Filter>Header Files\include</Filter>
    </ClInclude>
    <ClInclude Include="Iocp.h">
      <Filter>Source Files\include</Filter>
    </ClInclude>
    <ClInclude Include="OverlappedType.h">
      <Filter>Source Files\include</Filter>
    </ClInclude>
    <ClInclude Include="Config.h">
      <Filter>Source Files\include</Filter>
    </ClInclude>
  </ItemGroup>
  <ItemGroup>
    <ClCompile Include="CriticalSection.cpp">
      <Filter>Header Files\util\src</Filter>
    </ClCompile>
    <ClCompile Include="SocketAddress.cpp">
      <Filter>Header Files\src</Filter>
    </ClCompile>
    <ClCompile Include="Socket.cpp">
      <Filter>Header Files\src</Filter>
    </ClCompile>
    <ClCompile Include="Iocp.cpp">
      <Filter>Source Files\src</Filter>
    </ClCompile>
  </ItemGroup>
</Project>